
Microsoft Visual Studio Solution File, Format Version 12.00
# Visual Studio Version 17
VisualStudioVersion = 17.4.33213.308
MinimumVisualStudioVersion = 10.0.40219.1
Project("{9A19103F-16F7-4668-BE54-9A1E7A4F7556}") = "02. Football Betting", "02. Football Betting\02. Football Betting.csproj", "{4520CBBF-49FB-45FE-B765-EDC24DAC787F}"
EndProject
Project("{9A19103F-16F7-4668-BE54-9A1E7A4F7556}") = "P02_FootballBetting.Data", "P02_FootballBetting.Data\P02_FootballBetting.Data.csproj", "{D9A34C04-5292-422E-88A2-7102415D4972}"
EndProject
Project("{9A19103F-16F7-4668-BE54-9A1E7A4F7556}") = "P02_FootballBetting.Data.Models", "P02_FootballBetting.Models\P02_FootballBetting.Data.Models.csproj", "{A8C032C4-070B-42A0-BFFB-158228C762DC}"
EndProject
Project("{9A19103F-16F7-4668-BE54-9A1E7A4F7556}") = "P02_FootballBetting.Data.Common", "P02_FootballBetting.Data.Common\P02_FootballBetting.Data.Common.csproj", "{BB854F2A-5862-4D0B-BD96-163B5163BDBA}"
EndProject
Global
	GlobalSection(SolutionConfigurationPlatforms) = preSolution
		Debug|Any CPU = Debug|Any CPU
		Release|Any CPU = Release|Any CPU
	EndGlobalSection
	GlobalSection(ProjectConfigurationPlatforms) = postSolution
		{4520CBBF-49FB-45FE-B765-EDC24DAC787F}.Debug|Any CPU.ActiveCfg = Debug|Any CPU
		{4520CBBF-49FB-45FE-B765-EDC24DAC787F}.Debug|Any CPU.Build.0 = Debug|Any CPU
		{4520CBBF-49FB-45FE-B765-EDC24DAC787F}.Release|Any CPU.ActiveCfg = Release|Any CPU
		{4520CBBF-49FB-45FE-B765-EDC24DAC787F}.Release|Any CPU.Build.0 = Release|Any CPU
		{D9A34C04-5292-422E-88A2-7102415D4972}.Debug|Any CPU.ActiveCfg = Debug|Any CPU
		{D9A34C04-5292-422E-88A2-7102415D4972}.Debug|Any CPU.Build.0 = Debug|Any CPU
		{D9A34C04-5292-422E-88A2-7102415D4972}.Release|Any CPU.ActiveCfg = Release|Any CPU
		{D9A34C04-5292-422E-88A2-7102415D4972}.Release|Any CPU.Build.0 = Release|Any CPU
		{A8C032C4-070B-42A0-BFFB-158228C762DC}.Debug|Any CPU.ActiveCfg = Debug|Any CPU
		{A8C032C4-070B-42A0-BFFB-158228C762DC}.Debug|Any CPU.Build.0 = Debug|Any CPU
		{A8C032C4-070B-42A0-BFFB-158228C762DC}.Release|Any CPU.ActiveCfg = Release|Any CPU
		{A8C032C4-070B-42A0-BFFB-158228C762DC}.Release|Any CPU.Build.0 = Release|Any CPU
		{BB854F2A-5862-4D0B-BD96-163B5163BDBA}.Debug|Any CPU.ActiveCfg = Debug|Any CPU
		{BB854F2A-5862-4D0B-BD96-163B5163BDBA}.Debug|Any CPU.Build.0 = Debug|Any CPU
		{BB854F2A-5862-4D0B-BD96-163B5163BDBA}.Release|Any CPU.ActiveCfg = Release|Any CPU
		{BB854F2A-5862-4D0B-BD96-163B5163BDBA}.Release|Any CPU.Build.0 = Release|Any CPU
	EndGlobalSection
	GlobalSection(SolutionProperties) = preSolution
		HideSolutionNode = FALSE
	EndGlobalSection
	GlobalSection(ExtensibilityGlobals) = postSolution
		SolutionGuid = {DFF68397-0FD2-48F2-BAD2-98B861DE23FF}
	EndGlobalSection
EndGlobal
